# This file is automatically @generated by Cargo.
# It is not intended for manual editing.
version = 4

[[package]]
name = "day-01a"
version = "0.1.0"

[[package]]
name = "day-01b"
version = "0.1.0"

[[package]]
name = "day-02a"
version = "0.1.0"

[[package]]
name = "day-02b"
version = "0.1.0"

[[package]]
name = "day-03a"
version = "0.1.0"

[[package]]
name = "day-03b"
version = "0.1.0"
